Microsoft Visual Studio Solution File, Format Version 12.00
# Visual Studio Version 17
VisualStudioVersion = 17.13.35828.75
MinimumVisualStudioVersion = 10.0.40219.1
Project("{8BC9CEB8-8B4A-11D0-8D11-00A0C91BC942}") = "bai 9 lab 2", "bai 9 lab 2.vcxproj", "{92075D45-5AB6-467B-8BA3-C85C131AD837}"
EndProject
Global
	GlobalSection(SolutionConfigurationPlatforms) = preSolution
		Debug|x64 = Debug|x64
		Debug|x86 = Debug|x86
		Release|x64 = Release|x64
		Release|x86 = Release|x86
	EndGlobalSection
	GlobalSection(ProjectConfigurationPlatforms) = postSolution
		{92075D45-5AB6-467B-8BA3-C85C131AD837}.Debug|x64.ActiveCfg = Debug|x64
		{92075D45-5AB6-467B-8BA3-C85C131AD837}.Debug|x64.Build.0 = Debug|x64
		{92075D45-5AB6-467B-8BA3-C85C131AD837}.Debug|x86.ActiveCfg = Debug|Win32
		{92075D45-5AB6-467B-8BA3-C85C131AD837}.Debug|x86.Build.0 = Debug|Win32
		{92075D45-5AB6-467B-8BA3-C85C131AD837}.Release|x64.ActiveCfg = Release|x64
		{92075D45-5AB6-467B-8BA3-C85C131AD837}.Release|x64.Build.0 = Release|x64
		{92075D45-5AB6-467B-8BA3-C85C131AD837}.Release|x86.ActiveCfg = Release|Win32
		{92075D45-5AB6-467B-8BA3-C85C131AD837}.Release|x86.Build.0 = Release|Win32
	EndGlobalSection
	GlobalSection(SolutionProperties) = preSolution
		HideSolutionNode = FALSE
	EndGlobalSection
	GlobalSection(ExtensibilityGlobals) = postSolution
		SolutionGuid = {9F4B3E11-7BAE-4C70-AD7F-F6156B4C883B}
	EndGlobalSection
EndGlobal
